
Microsoft Visual Studio Solution File, Format Version 12.00
# Visual Studio 14
VisualStudioVersion = 14.0.24720.0
MinimumVisualStudioVersion = 10.0.40219.1
Project("{FAE04EC0-301F-11D3-BF4B-00C04F79EFBC}") = "9 Project 9-6 Multiple Forms II", "9 Project 9-6 Multiple Forms II\9 Project 9-6 Multiple Forms II.csproj", "{9A11D02D-7B4F-4393-A085-475E0847A1D9}"
EndProject
Global
	GlobalSection(SolutionConfigurationPlatforms) = preSolution
		Debug|Any CPU = Debug|Any CPU
		Release|Any CPU = Release|Any CPU
	EndGlobalSection
	GlobalSection(ProjectConfigurationPlatforms) = postSolution
		{9A11D02D-7B4F-4393-A085-475E0847A1D9}.Debug|Any CPU.ActiveCfg = Debug|Any CPU
		{9A11D02D-7B4F-4393-A085-475E0847A1D9}.Debug|Any CPU.Build.0 = Debug|Any CPU
		{9A11D02D-7B4F-4393-A085-475E0847A1D9}.Release|Any CPU.ActiveCfg = Release|Any CPU
		{9A11D02D-7B4F-4393-A085-475E0847A1D9}.Release|Any CPU.Build.0 = Release|Any CPU
	EndGlobalSection
	GlobalSection(SolutionProperties) = preSolution
		HideSolutionNode = FALSE
	EndGlobalSection
EndGlobal
