
Microsoft Visual Studio Solution File, Format Version 12.00
# Visual Studio 14
VisualStudioVersion = 14.0.24720.0
MinimumVisualStudioVersion = 10.0.40219.1
Project("{FAE04EC0-301F-11D3-BF4B-00C04F79EFBC}") = "9 Project 9-4 Method Overloading", "9 Project 9-4 Method Overloading\9 Project 9-4 Method Overloading.csproj", "{67048D0F-24C2-4D49-8DD2-C8D6F124B3E3}"
EndProject
Global
	GlobalSection(SolutionConfigurationPlatforms) = preSolution
		Debug|Any CPU = Debug|Any CPU
		Release|Any CPU = Release|Any CPU
	EndGlobalSection
	GlobalSection(ProjectConfigurationPlatforms) = postSolution
		{67048D0F-24C2-4D49-8DD2-C8D6F124B3E3}.Debug|Any CPU.ActiveCfg = Debug|Any CPU
		{67048D0F-24C2-4D49-8DD2-C8D6F124B3E3}.Debug|Any CPU.Build.0 = Debug|Any CPU
		{67048D0F-24C2-4D49-8DD2-C8D6F124B3E3}.Release|Any CPU.ActiveCfg = Release|Any CPU
		{67048D0F-24C2-4D49-8DD2-C8D6F124B3E3}.Release|Any CPU.Build.0 = Release|Any CPU
	EndGlobalSection
	GlobalSection(SolutionProperties) = preSolution
		HideSolutionNode = FALSE
	EndGlobalSection
EndGlobal
