
Microsoft Visual Studio Solution File, Format Version 12.00
# Visual Studio 14
VisualStudioVersion = 14.0.24720.0
MinimumVisualStudioVersion = 10.0.40219.1
Project("{FAE04EC0-301F-11D3-BF4B-00C04F79EFBC}") = "5 P 3 Celsius To Fahrenheit Table", "5 P 3 Celsius To Fahrenheit Table\5 P 3 Celsius To Fahrenheit Table.csproj", "{687C3FAF-7A1A-4E42-B8EE-F3C5060FC124}"
EndProject
Global
	GlobalSection(SolutionConfigurationPlatforms) = preSolution
		Debug|Any CPU = Debug|Any CPU
		Release|Any CPU = Release|Any CPU
	EndGlobalSection
	GlobalSection(ProjectConfigurationPlatforms) = postSolution
		{687C3FAF-7A1A-4E42-B8EE-F3C5060FC124}.Debug|Any CPU.ActiveCfg = Debug|Any CPU
		{687C3FAF-7A1A-4E42-B8EE-F3C5060FC124}.Debug|Any CPU.Build.0 = Debug|Any CPU
		{687C3FAF-7A1A-4E42-B8EE-F3C5060FC124}.Release|Any CPU.ActiveCfg = Release|Any CPU
		{687C3FAF-7A1A-4E42-B8EE-F3C5060FC124}.Release|Any CPU.Build.0 = Release|Any CPU
	EndGlobalSection
	GlobalSection(SolutionProperties) = preSolution
		HideSolutionNode = FALSE
	EndGlobalSection
EndGlobal
