
Microsoft Visual Studio Solution File, Format Version 12.00
# Visual Studio 14
VisualStudioVersion = 14.0.24720.0
MinimumVisualStudioVersion = 10.0.40219.1
Project("{FAE04EC0-301F-11D3-BF4B-00C04F79EFBC}") = "10 Project 10-1 Encapsulation", "10 Project 10-1 Encapsulation\10 Project 10-1 Encapsulation.csproj", "{3806C7D9-C6F5-4BBE-9F91-75AB2006F7DA}"
EndProject
Global
	GlobalSection(SolutionConfigurationPlatforms) = preSolution
		Debug|Any CPU = Debug|Any CPU
		Release|Any CPU = Release|Any CPU
	EndGlobalSection
	GlobalSection(ProjectConfigurationPlatforms) = postSolution
		{3806C7D9-C6F5-4BBE-9F91-75AB2006F7DA}.Debug|Any CPU.ActiveCfg = Debug|Any CPU
		{3806C7D9-C6F5-4BBE-9F91-75AB2006F7DA}.Debug|Any CPU.Build.0 = Debug|Any CPU
		{3806C7D9-C6F5-4BBE-9F91-75AB2006F7DA}.Release|Any CPU.ActiveCfg = Release|Any CPU
		{3806C7D9-C6F5-4BBE-9F91-75AB2006F7DA}.Release|Any CPU.Build.0 = Release|Any CPU
	EndGlobalSection
	GlobalSection(SolutionProperties) = preSolution
		HideSolutionNode = FALSE
	EndGlobalSection
EndGlobal
