
Microsoft Visual Studio Solution File, Format Version 12.00
# Visual Studio 14
VisualStudioVersion = 14.0.24720.0
MinimumVisualStudioVersion = 10.0.40219.1
Project("{FAE04EC0-301F-11D3-BF4B-00C04F79EFBC}") = "8 Project 8-7 Image List", "8 Project 8-7 Image List\8 Project 8-7 Image List.csproj", "{9C61C824-4817-460C-A72E-975FE2D8D180}"
EndProject
Global
	GlobalSection(SolutionConfigurationPlatforms) = preSolution
		Debug|Any CPU = Debug|Any CPU
		Release|Any CPU = Release|Any CPU
	EndGlobalSection
	GlobalSection(ProjectConfigurationPlatforms) = postSolution
		{9C61C824-4817-460C-A72E-975FE2D8D180}.Debug|Any CPU.ActiveCfg = Debug|Any CPU
		{9C61C824-4817-460C-A72E-975FE2D8D180}.Debug|Any CPU.Build.0 = Debug|Any CPU
		{9C61C824-4817-460C-A72E-975FE2D8D180}.Release|Any CPU.ActiveCfg = Release|Any CPU
		{9C61C824-4817-460C-A72E-975FE2D8D180}.Release|Any CPU.Build.0 = Release|Any CPU
	EndGlobalSection
	GlobalSection(SolutionProperties) = preSolution
		HideSolutionNode = FALSE
	EndGlobalSection
EndGlobal
