
Microsoft Visual Studio Solution File, Format Version 12.00
# Visual Studio 15
VisualStudioVersion = 15.0.27004.2009
MinimumVisualStudioVersion = 10.0.40219.1
Project("{FAE04EC0-301F-11D3-BF4B-00C04F79EFBC}") = "11 Problem 11-5 Search Employee table by LastName", "11 Problem 11-4 Use SQL for Retrieval\11 Problem 11-5 Search Employee table by LastName.csproj", "{06B3919B-4E3D-44FB-9F7A-48FB1C512F41}"
EndProject
Global
	GlobalSection(SolutionConfigurationPlatforms) = preSolution
		Debug|Any CPU = Debug|Any CPU
		Release|Any CPU = Release|Any CPU
	EndGlobalSection
	GlobalSection(ProjectConfigurationPlatforms) = postSolution
		{06B3919B-4E3D-44FB-9F7A-48FB1C512F41}.Debug|Any CPU.ActiveCfg = Debug|Any CPU
		{06B3919B-4E3D-44FB-9F7A-48FB1C512F41}.Debug|Any CPU.Build.0 = Debug|Any CPU
		{06B3919B-4E3D-44FB-9F7A-48FB1C512F41}.Release|Any CPU.ActiveCfg = Release|Any CPU
		{06B3919B-4E3D-44FB-9F7A-48FB1C512F41}.Release|Any CPU.Build.0 = Release|Any CPU
	EndGlobalSection
	GlobalSection(SolutionProperties) = preSolution
		HideSolutionNode = FALSE
	EndGlobalSection
	GlobalSection(ExtensibilityGlobals) = postSolution
		SolutionGuid = {8F131DC4-7A5E-4853-B3CB-8A76C744A32C}
	EndGlobalSection
EndGlobal
