
Microsoft Visual Studio Solution File, Format Version 12.00
# Visual Studio 14
VisualStudioVersion = 14.0.24720.0
MinimumVisualStudioVersion = 10.0.40219.1
Project("{FAE04EC0-301F-11D3-BF4B-00C04F79EFBC}") = "9 Problem 9-1 Pet Class", "9 Problem 9-1 Pet Class\9 Problem 9-1 Pet Class.csproj", "{C763F612-DA9F-404E-BBD1-5190515C623B}"
EndProject
Global
	GlobalSection(SolutionConfigurationPlatforms) = preSolution
		Debug|Any CPU = Debug|Any CPU
		Release|Any CPU = Release|Any CPU
	EndGlobalSection
	GlobalSection(ProjectConfigurationPlatforms) = postSolution
		{C763F612-DA9F-404E-BBD1-5190515C623B}.Debug|Any CPU.ActiveCfg = Debug|Any CPU
		{C763F612-DA9F-404E-BBD1-5190515C623B}.Debug|Any CPU.Build.0 = Debug|Any CPU
		{C763F612-DA9F-404E-BBD1-5190515C623B}.Release|Any CPU.ActiveCfg = Release|Any CPU
		{C763F612-DA9F-404E-BBD1-5190515C623B}.Release|Any CPU.Build.0 = Release|Any CPU
	EndGlobalSection
	GlobalSection(SolutionProperties) = preSolution
		HideSolutionNode = FALSE
	EndGlobalSection
EndGlobal
