
Microsoft Visual Studio Solution File, Format Version 12.00
# Visual Studio 14
VisualStudioVersion = 14.0.24720.0
MinimumVisualStudioVersion = 10.0.40219.1
Project("{FAE04EC0-301F-11D3-BF4B-00C04F79EFBC}") = "10 Problem 10-2 ShiftSupervisor", "10 Problem 10-2 ShiftSupervisor\10 Problem 10-2 ShiftSupervisor.csproj", "{A7C58244-45F6-45D5-8AE6-739C65B2E2B7}"
EndProject
Global
	GlobalSection(SolutionConfigurationPlatforms) = preSolution
		Debug|Any CPU = Debug|Any CPU
		Release|Any CPU = Release|Any CPU
	EndGlobalSection
	GlobalSection(ProjectConfigurationPlatforms) = postSolution
		{A7C58244-45F6-45D5-8AE6-739C65B2E2B7}.Debug|Any CPU.ActiveCfg = Debug|Any CPU
		{A7C58244-45F6-45D5-8AE6-739C65B2E2B7}.Debug|Any CPU.Build.0 = Debug|Any CPU
		{A7C58244-45F6-45D5-8AE6-739C65B2E2B7}.Release|Any CPU.ActiveCfg = Release|Any CPU
		{A7C58244-45F6-45D5-8AE6-739C65B2E2B7}.Release|Any CPU.Build.0 = Release|Any CPU
	EndGlobalSection
	GlobalSection(SolutionProperties) = preSolution
		HideSolutionNode = FALSE
	EndGlobalSection
EndGlobal
