
Microsoft Visual Studio Solution File, Format Version 12.00
# Visual Studio 14
VisualStudioVersion = 14.0.24720.0
MinimumVisualStudioVersion = 10.0.40219.1
Project("{FAE04EC0-301F-11D3-BF4B-00C04F79EFBC}") = "8 Problem 8-8 Sum of Numbers in a String", "8 Problem 8-8 Sum of Numbers in a String\8 Problem 8-8 Sum of Numbers in a String.csproj", "{756ADDAD-03BD-4BEB-85BA-8E8DD3EF8CC1}"
EndProject
Global
	GlobalSection(SolutionConfigurationPlatforms) = preSolution
		Debug|Any CPU = Debug|Any CPU
		Release|Any CPU = Release|Any CPU
	EndGlobalSection
	GlobalSection(ProjectConfigurationPlatforms) = postSolution
		{756ADDAD-03BD-4BEB-85BA-8E8DD3EF8CC1}.Debug|Any CPU.ActiveCfg = Debug|Any CPU
		{756ADDAD-03BD-4BEB-85BA-8E8DD3EF8CC1}.Debug|Any CPU.Build.0 = Debug|Any CPU
		{756ADDAD-03BD-4BEB-85BA-8E8DD3EF8CC1}.Release|Any CPU.ActiveCfg = Release|Any CPU
		{756ADDAD-03BD-4BEB-85BA-8E8DD3EF8CC1}.Release|Any CPU.Build.0 = Release|Any CPU
	EndGlobalSection
	GlobalSection(SolutionProperties) = preSolution
		HideSolutionNode = FALSE
	EndGlobalSection
EndGlobal
